// !$*UTF8*$!
{
	archiveVersion = 1;
	classes = {
	};
	objectVersion = 55;
	objects = {

/* Begin PBXBuildFile section */
		8E60A20028A638E4002139E4 /* AppDelegate.swift in Sources */ = {isa = PBXBuildFile; fileRef = 8E60A1FF28A638E4002139E4 /* AppDelegate.swift */; };
		8E60A20228A638E4002139E4 /* SceneDelegate.swift in Sources */ = {isa = PBXBuildFile; fileRef = 8E60A20128A638E4002139E4 /* SceneDelegate.swift */; };
		8E60A20428A638E4002139E4 /* ViewController.swift in Sources */ = {isa = PBXBuildFile; fileRef = 8E60A20328A638E4002139E4 /* ViewController.swift */; };
		8E60A20728A638E4002139E4 /* Main.storyboard in Resources */ = {isa = PBXBuildFile; fileRef = 8E60A20528A638E4002139E4 /* Main.storyboard */; };
		8E60A20928A638E6002139E4 /* Assets.xcassets in Resources */ = {isa = PBXBuildFile; fileRef = 8E60A20828A638E6002139E4 /* Assets.xcassets */; };
		8E60A20C28A638E6002139E4 /* LaunchScreen.storyboard in Resources */ = {isa = PBXBuildFile; fileRef = 8E60A20A28A638E6002139E4 /* LaunchScreen.storyboard */; };
		8E60A21728A638E6002139E4 /* MemorizeSentencesTests.swift in Sources */ = {isa = PBXBuildFile; fileRef = 8E60A21628A638E6002139E4 /* MemorizeSentencesTests.swift */; };
		8E60A22128A638E6002139E4 /* MemorizeSentencesUITests.swift in Sources */ = {isa = PBXBuildFile; fileRef = 8E60A22028A638E6002139E4 /* MemorizeSentencesUITests.swift */; };
		8E60A22328A638E6002139E4 /* MemorizeSentencesUITestsLaunchTests.swift in Sources */ = {isa = PBXBuildFile; fileRef = 8E60A22228A638E6002139E4 /* MemorizeSentencesUITestsLaunchTests.swift */; };
/* End PBXBuildFile section */

/* Begin PBXContainerItemProxy section */
		8E60A21328A638E6002139E4 /* PBXContainerItemProxy */ = {
			isa = PBXContainerItemProxy;
			containerPortal = 8E60A1F428A638E4002139E4 /* Project object */;
			proxyType = 1;
			remoteGlobalIDString = 8E60A1FB28A638E4002139E4;
			remoteInfo = MemorizeSentences;
		};
		8E60A21D28A638E6002139E4 /* PBXContainerItemProxy */ = {
			isa = PBXContainerItemProxy;
			containerPortal = 8E60A1F428A638E4002139E4 /* Project object */;
			proxyType = 1;
			remoteGlobalIDString = 8E60A1FB28A638E4002139E4;
			remoteInfo = MemorizeSentences;
		};
/* End PBXContainerItemProxy section */

/* Begin PBXFileReference section */
		8E60A1FC28A638E4002139E4 /* MemorizeSentences.app */ = {isa = PBXFileReference; explicitFileType = wrapper.application; includeInIndex = 0; path = MemorizeSentences.app; sourceTree = BUILT_PRODUCTS_DIR; };
		8E60A1FF28A638E4002139E4 /* AppDelegate.swift */ = {isa = PBXFileReference; lastKnownFileType = sourcecode.swift; path = AppDelegate.swift; sourceTree = "<group>"; };
		8E60A20128A638E4002139E4 /* SceneDelegate.swift */ = {isa = PBXFileReference; lastKnownFileType = sourcecode.swift; path = SceneDelegate.swift; sourceTree = "<group>"; };
		8E60A20328A638E4002139E4 /* ViewController.swift */ = {isa = PBXFileReference; lastKnownFileType = sourcecode.swift; path = ViewController.swift; sourceTree = "<group>"; };
		8E60A20628A638E4002139E4 /* Base */ = {isa = PBXFileReference; lastKnownFileType = file.storyboard; name = Base; path = Base.lproj/Main.storyboard; sourceTree = "<group>"; };
		8E60A20828A638E6002139E4 /* Assets.xcassets */ = {isa = PBXFileReference; lastKnownFileType = folder.assetcatalog; path = Assets.xcassets; sourceTree = "<group>"; };
		8E60A20B28A638E6002139E4 /* Base */ = {isa = PBXFileReference; lastKnownFileType = file.storyboard; name = Base; path = Base.lproj/LaunchScreen.storyboard; sourceTree = "<group>"; };
		8E60A20D28A638E6002139E4 /* Info.plist */ = {isa = PBXFileReference; lastKnownFileType = text.plist.xml; path = Info.plist; sourceTree = "<group>"; };
		8E60A21228A638E6002139E4 /* MemorizeSentencesTests.xctest */ = {isa = PBXFileReference; explicitFileType = wrapper.cfbundle; includeInIndex = 0; path = MemorizeSentencesTests.xctest; sourceTree = BUILT_PRODUCTS_DIR; };
		8E60A21628A638E6002139E4 /* MemorizeSentencesTests.swift */ = {isa = PBXFileReference; lastKnownFileType = sourcecode.swift; path = MemorizeSentencesTests.swift; sourceTree = "<group>"; };
		8E60A21C28A638E6002139E4 /* MemorizeSentencesUITests.xctest */ = {isa = PBXFileReference; explicitFileType = wrapper.cfbundle; includeInIndex = 0; path = MemorizeSentencesUITests.xctest; sourceTree = BUILT_PRODUCTS_DIR; };
		8E60A22028A638E6002139E4 /* MemorizeSentencesUITests.swift */ = {isa = PBXFileReference; lastKnownFileType = sourcecode.swift; path = MemorizeSentencesUITests.swift; sourceTree = "<group>"; };
		8E60A22228A638E6002139E4 /* MemorizeSentencesUITestsLaunchTests.swift */ = {isa = PBXFileReference; lastKnownFileType = sourcecode.swift; path = MemorizeSentencesUITestsLaunchTests.swift; sourceTree = "<group>"; };
/* End PBXFileReference section */

/* Begin PBXFrameworksBuildPhase section */
		8E60A1F928A638E4002139E4 /* Frameworks */ = {
			isa = PBXFrameworksBuildPhase;
			buildActionMask = 2147483647;
			files = (
			);
			runOnlyForDeploymentPostprocessing = 0;
		};
		8E60A20F28A638E6002139E4 /* Frameworks */ = {
			isa = PBXFrameworksBuildPhase;
			buildActionMask = 2147483647;
			files = (
			);
			runOnlyForDeploymentPostprocessing = 0;
		};
		8E60A21928A638E6002139E4 /* Frameworks */ = {
			isa = PBXFrameworksBuildPhase;
			buildActionMask = 2147483647;
			files = (
			);
			runOnlyForDeploymentPostprocessing = 0;
		};
/* End PBXFrameworksBuildPhase section */

/* Begin PBXGroup section */
		8E60A1F328A638E4002139E4 = {
			isa = PBXGroup;
			children = (
				8E60A1FE28A638E4002139E4 /* MemorizeSentences */,
				8E60A21528A638E6002139E4 /* MemorizeSentencesTests */,
				8E60A21F28A638E6002139E4 /* MemorizeSentencesUITests */,
				8E60A1FD28A638E4002139E4 /* Products */,
			);
			sourceTree = "<group>";
		};
		8E60A1FD28A638E4002139E4 /* Products */ = {
			isa = PBXGroup;
			children = (
				8E60A1FC28A638E4002139E4 /* MemorizeSentences.app */,
				8E60A21228A638E6002139E4 /* MemorizeSentencesTests.xctest */,
				8E60A21C28A638E6002139E4 /* MemorizeSentencesUITests.xctest */,
			);
			name = Products;
			sourceTree = "<group>";
		};
		8E60A1FE28A638E4002139E4 /* MemorizeSentences */ = {
			isa = PBXGroup;
			children = (
				8E60A1FF28A638E4002139E4 /* AppDelegate.swift */,
				8E60A20128A638E4002139E4 /* SceneDelegate.swift */,
				8E60A20328A638E4002139E4 /* ViewController.swift */,
				8E60A20528A638E4002139E4 /* Main.storyboard */,
				8E60A20828A638E6002139E4 /* Assets.xcassets */,
				8E60A20A28A638E6002139E4 /* LaunchScreen.storyboard */,
				8E60A20D28A638E6002139E4 /* Info.plist */,
			);
			path = MemorizeSentences;
			sourceTree = "<group>";
		};
		8E60A21528A638E6002139E4 /* MemorizeSentencesTests */ = {
			isa = PBXGroup;
			children = (
				8E60A21628A638E6002139E4 /* MemorizeSentencesTests.swift */,
			);
			path = MemorizeSentencesTests;
			sourceTree = "<group>";
		};
		8E60A21F28A638E6002139E4 /* MemorizeSentencesUITests */ = {
			isa = PBXGroup;
			children = (
				8E60A22028A638E6002139E4 /* MemorizeSentencesUITests.swift */,
				8E60A22228A638E6002139E4 /* MemorizeSentencesUITestsLaunchTests.swift */,
			);
			path = MemorizeSentencesUITests;
			sourceTree = "<group>";
		};
/* End PBXGroup section */

/* Begin PBXNativeTarget section */
		8E60A1FB28A638E4002139E4 /* MemorizeSentences */ = {
			isa = PBXNativeTarget;
			buildConfigurationList = 8E60A22628A638E7002139E4 /* Build configuration list for PBXNativeTarget "MemorizeSentences" */;
			buildPhases = (
				8E60A1F828A638E4002139E4 /* Sources */,
				8E60A1F928A638E4002139E4 /* Frameworks */,
				8E60A1FA28A638E4002139E4 /* Resources */,
			);
			buildRules = (
			);
			dependencies = (
			);
			name = MemorizeSentences;
			productName = MemorizeSentences;
			productReference = 8E60A1FC28A638E4002139E4 /* MemorizeSentences.app */;
			productType = "com.apple.product-type.application";
		};
		8E60A21128A638E6002139E4 /* MemorizeSentencesTests */ = {
			isa = PBXNativeTarget;
			buildConfigurationList = 8E60A22928A638E7002139E4 /* Build configuration list for PBXNativeTarget "MemorizeSentencesTests" */;
			buildPhases = (
				8E60A20E28A638E6002139E4 /* Sources */,
				8E60A20F28A638E6002139E4 /* Frameworks */,
				8E60A21028A638E6002139E4 /* Resources */,
			);
			buildRules = (
			);
			dependencies = (
				8E60A21428A638E6002139E4 /* PBXTargetDependency */,
			);
			name = MemorizeSentencesTests;
			productName = MemorizeSentencesTests;
			productReference = 8E60A21228A638E6002139E4 /* MemorizeSentencesTests.xctest */;
			productType = "com.apple.product-type.bundle.unit-test";
		};
		8E60A21B28A638E6002139E4 /* MemorizeSentencesUITests */ = {
			isa = PBXNativeTarget;
			buildConfigurationList = 8E60A22C28A638E7002139E4 /* Build configuration list for PBXNativeTarget "MemorizeSentencesUITests" */;
			buildPhases = (
				8E60A21828A638E6002139E4 /* Sources */,
				8E60A21928A638E6002139E4 /* Frameworks */,
				8E60A21A28A638E6002139E4 /* Resources */,
			);
			buildRules = (
			);
			dependencies = (
				8E60A21E28A638E6002139E4 /* PBXTargetDependency */,
			);
			name = MemorizeSentencesUITests;
			productName = MemorizeSentencesUITests;
			productReference = 8E60A21C28A638E6002139E4 /* MemorizeSentencesUITests.xctest */;
			productType = "com.apple.product-type.bundle.ui-testing";
		};
/* End PBXNativeTarget section */

/* Begin PBXProject section */
		8E60A1F428A638E4002139E4 /* Project object */ = {
			isa = PBXProject;
			attributes = {
				BuildIndependentTargetsInParallel = 1;
				LastSwiftUpdateCheck = 1340;
				LastUpgradeCheck = 1340;
				TargetAttributes = {
					8E60A1FB28A638E4002139E4 = {
						CreatedOnToolsVersion = 13.4.1;
					};
					8E60A21128A638E6002139E4 = {
						CreatedOnToolsVersion = 13.4.1;
						TestTargetID = 8E60A1FB28A638E4002139E4;
					};
					8E60A21B28A638E6002139E4 = {
						CreatedOnToolsVersion = 13.4.1;
						TestTargetID = 8E60A1FB28A638E4002139E4;
					};
				};
			};
			buildConfigurationList = 8E60A1F728A638E4002139E4 /* Build configuration list for PBXProject "MemorizeSentences" */;
			compatibilityVersion = "Xcode 13.0";
			developmentRegion = en;
			hasScannedForEncodings = 0;
			knownRegions = (
				en,
				Base,
			);
			mainGroup = 8E60A1F328A638E4002139E4;
			productRefGroup = 8E60A1FD28A638E4002139E4 /* Products */;
			projectDirPath = "";
			projectRoot = "";
			targets = (
				8E60A1FB28A638E4002139E4 /* MemorizeSentences */,
				8E60A21128A638E6002139E4 /* MemorizeSentencesTests */,
				8E60A21B28A638E6002139E4 /* MemorizeSentencesUITests */,
			);
		};
/* End PBXProject section */

/* Begin PBXResourcesBuildPhase section */
		8E60A1FA28A638E4002139E4 /* Resources */ = {
			isa = PBXResourcesBuildPhase;
			buildActionMask = 2147483647;
			files = (
				8E60A20C28A638E6002139E4 /* LaunchScreen.storyboard in Resources */,
				8E60A20928A638E6002139E4 /* Assets.xcassets in Resources */,
				8E60A20728A638E4002139E4 /* Main.storyboard in Resources */,
			);
			runOnlyForDeploymentPostprocessing = 0;
		};
		8E60A21028A638E6002139E4 /* Resources */ = {
			isa = PBXResourcesBuildPhase;
			buildActionMask = 2147483647;
			files = (
			);
			runOnlyForDeploymentPostprocessing = 0;
		};
		8E60A21A28A638E6002139E4 /* Resources */ = {
			isa = PBXResourcesBuildPhase;
			buildActionMask = 2147483647;
			files = (
			);
			runOnlyForDeploymentPostprocessing = 0;
		};
/* End PBXResourcesBuildPhase section */

/* Begin PBXSourcesBuildPhase section */
		8E60A1F828A638E4002139E4 /* Sources */ = {
			isa = PBXSourcesBuildPhase;
			buildActionMask = 2147483647;
			files = (
				8E60A20428A638E4002139E4 /* ViewController.swift in Sources */,
				8E60A20028A638E4002139E4 /* AppDelegate.swift in Sources */,
				8E60A20228A638E4002139E4 /* SceneDelegate.swift in Sources */,
			);
			runOnlyForDeploymentPostprocessing = 0;
		};
		8E60A20E28A638E6002139E4 /* Sources */ = {
			isa = PBXSourcesBuildPhase;
			buildActionMask = 2147483647;
			files = (
				8E60A21728A638E6002139E4 /* MemorizeSentencesTests.swift in Sources */,
			);
			runOnlyForDeploymentPostprocessing = 0;
		};
		8E60A21828A638E6002139E4 /* Sources */ = {
			isa = PBXSourcesBuildPhase;
			buildActionMask = 2147483647;
			files = (
				8E60A22128A638E6002139E4 /* MemorizeSentencesUITests.swift in Sources */,
				8E60A22328A638E6002139E4 /* MemorizeSentencesUITestsLaunchTests.swift in Sources */,
			);
			runOnlyForDeploymentPostprocessing = 0;
		};
/* End PBXSourcesBuildPhase section */

/* Begin PBXTargetDependency section */
		8E60A21428A638E6002139E4 /* PBXTargetDependency */ = {
			isa = PBXTargetDependency;
			target = 8E60A1FB28A638E4002139E4 /* MemorizeSentences */;
			targetProxy = 8E60A21328A638E6002139E4 /* PBXContainerItemProxy */;
		};
		8E60A21E28A638E6002139E4 /* PBXTargetDependency */ = {
			isa = PBXTargetDependency;
			target = 8E60A1FB28A638E4002139E4 /* MemorizeSentences */;
			targetProxy = 8E60A21D28A638E6002139E4 /* PBXContainerItemProxy */;
		};
/* End PBXTargetDependency section */

/* Begin PBXVariantGroup section */
		8E60A20528A638E4002139E4 /* Main.storyboard */ = {
			isa = PBXVariantGroup;
			children = (
				8E60A20628A638E4002139E4 /* Base */,
			);
			name = Main.storyboard;
			sourceTree = "<group>";
		};
		8E60A20A28A638E6002139E4 /* LaunchScreen.storyboard */ = {
			isa = PBXVariantGroup;
			children = (
				8E60A20B28A638E6002139E4 /* Base */,
			);
			name = LaunchScreen.storyboard;
			sourceTree = "<group>";
		};
/* End PBXVariantGroup section */

/* Begin XCBuildConfiguration section */
		8E60A22428A638E6002139E4 /* Debug */ = {
			isa = XCBuildConfiguration;
			buildSettings = {
				ALWAYS_SEARCH_USER_PATHS = NO;
				CLANG_ANALYZER_NONNULL = YES;
				CLANG_ANALYZER_NUMBER_OBJECT_CONVERSION = YES_AGGRESSIVE;
				CLANG_CXX_LANGUAGE_STANDARD = "gnu++17";
				CLANG_ENABLE_MODULES = YES;
				CLANG_ENABLE_OBJC_ARC = YES;
				CLANG_ENABLE_OBJC_WEAK = YES;
				CLANG_WARN_BLOCK_CAPTURE_AUTORELEASING = YES;
				CLANG_WARN_BOOL_CONVERSION = YES;
				CLANG_WARN_COMMA = YES;
				CLANG_WARN_CONSTANT_CONVERSION = YES;
				CLANG_WARN_DEPRECATED_OBJC_IMPLEMENTATIONS = YES;
				CLANG_WARN_DIRECT_OBJC_ISA_USAGE = YES_ERROR;
				CLANG_WARN_DOCUMENTATION_COMMENTS = YES;
				CLANG_WARN_EMPTY_BODY = YES;
				CLANG_WARN_ENUM_CONVERSION = YES;
				CLANG_WARN_INFINITE_RECURSION = YES;
				CLANG_WARN_INT_CONVERSION = YES;
				CLANG_WARN_NON_LITERAL_NULL_CONVERSION = YES;
				CLANG_WARN_OBJC_IMPLICIT_RETAIN_SELF = YES;
				CLANG_WARN_OBJC_LITERAL_CONVERSION = YES;
				CLANG_WARN_OBJC_ROOT_CLASS = YES_ERROR;
				CLANG_WARN_QUOTED_INCLUDE_IN_FRAMEWORK_HEADER = YES;
				CLANG_WARN_RANGE_LOOP_ANALYSIS = YES;
				CLANG_WARN_STRICT_PROTOTYPES = YES;
				CLANG_WARN_SUSPICIOUS_MOVE = YES;
				CLANG_WARN_UNGUARDED_AVAILABILITY = YES_AGGRESSIVE;
				CLANG_WARN_UNREACHABLE_CODE = YES;
				CLANG_WARN__DUPLICATE_METHOD_MATCH = YES;
				COPY_PHASE_STRIP = NO;
				DEBUG_INFORMATION_FORMAT = dwarf;
				ENABLE_STRICT_OBJC_MSGSEND = YES;
				ENABLE_TESTABILITY = YES;
				GCC_C_LANGUAGE_STANDARD = gnu11;
				GCC_DYNAMIC_NO_PIC = NO;
				GCC_NO_COMMON_BLOCKS = YES;
				GCC_OPTIMIZATION_LEVEL = 0;
				GCC_PREPROCESSOR_DEFINITIONS = (
					"DEBUG=1",
					"$(inherited)",
				);
				GCC_WARN_64_TO_32_BIT_CONVERSION = YES;
				GCC_WARN_ABOUT_RETURN_TYPE = YES_ERROR;
				GCC_WARN_UNDECLARED_SELECTOR = YES;
				GCC_WARN_UNINITIALIZED_AUTOS = YES_AGGRESSIVE;
				GCC_WARN_UNUSED_FUNCTION = YES;
				GCC_WARN_UNUSED_VARIABLE = YES;
				IPHONEOS_DEPLOYMENT_TARGET = 15.5;
				MTL_ENABLE_DEBUG_INFO = INCLUDE_SOURCE;
				MTL_FAST_MATH = YES;
				ONLY_ACTIVE_ARCH = YES;
				SDKROOT = iphoneos;
				SWIFT_ACTIVE_COMPILATION_CONDITIONS = DEBUG;
				SWIFT_OPTIMIZATION_LEVEL = "-Onone";
			};
			name = Debug;
		};
		8E60A22528A638E6002139E4 /* Release */ = {
			isa = XCBuildConfiguration;
			buildSettings = {
				ALWAYS_SEARCH_USER_PATHS = NO;
				CLANG_ANALYZER_NONNULL = YES;
				CLANG_ANALYZER_NUMBER_OBJECT_CONVERSION = YES_AGGRESSIVE;
				CLANG_CXX_LANGUAGE_STANDARD = "gnu++17";
				CLANG_ENABLE_MODULES = YES;
				CLANG_ENABLE_OBJC_ARC = YES;
				CLANG_ENABLE_OBJC_WEAK = YES;
				CLANG_WARN_BLOCK_CAPTURE_AUTORELEASING = YES;
				CLANG_WARN_BOOL_CONVERSION = YES;
				CLANG_WARN_COMMA = YES;
				CLANG_WARN_CONSTANT_CONVERSION = YES;
				CLANG_WARN_DEPRECATED_OBJC_IMPLEMENTATIONS = YES;
				CLANG_WARN_DIRECT_OBJC_ISA_USAGE = YES_ERROR;
				CLANG_WARN_DOCUMENTATION_COMMENTS = YES;
				CLANG_WARN_EMPTY_BODY = YES;
				CLANG_WARN_ENUM_CONVERSION = YES;
				CLANG_WARN_INFINITE_RECURSION = YES;
				CLANG_WARN_INT_CONVERSION = YES;
				CLANG_WARN_NON_LITERAL_NULL_CONVERSION = YES;
				CLANG_WARN_OBJC_IMPLICIT_RETAIN_SELF = YES;
				CLANG_WARN_OBJC_LITERAL_CONVERSION = YES;
				CLANG_WARN_OBJC_ROOT_CLASS = YES_ERROR;
				CLANG_WARN_QUOTED_INCLUDE_IN_FRAMEWORK_HEADER = YES;
				CLANG_WARN_RANGE_LOOP_ANALYSIS = YES;
				CLANG_WARN_STRICT_PROTOTYPES = YES;
				CLANG_WARN_SUSPICIOUS_MOVE = YES;
				CLANG_WARN_UNGUARDED_AVAILABILITY = YES_AGGRESSIVE;
				CLANG_WARN_UNREACHABLE_CODE = YES;
				CLANG_WARN__DUPLICATE_METHOD_MATCH = YES;
				COPY_PHASE_STRIP = NO;
				DEBUG_INFORMATION_FORMAT = "dwarf-with-dsym";
				ENABLE_NS_ASSERTIONS = NO;
				ENABLE_STRICT_OBJC_MSGSEND = YES;
				GCC_C_LANGUAGE_STANDARD = gnu11;
				GCC_NO_COMMON_BLOCKS = YES;
				GCC_WARN_64_TO_32_BIT_CONVERSION = YES;
				GCC_WARN_ABOUT_RETURN_TYPE = YES_ERROR;
				GCC_WARN_UNDECLARED_SELECTOR = YES;
				GCC_WARN_UNINITIALIZED_AUTOS = YES_AGGRESSIVE;
				GCC_WARN_UNUSED_FUNCTION = YES;
				GCC_WARN_UNUSED_VARIABLE = YES;
				IPHONEOS_DEPLOYMENT_TARGET = 15.5;
				MTL_ENABLE_DEBUG_INFO = NO;
				MTL_FAST_MATH = YES;
				SDKROOT = iphoneos;
				SWIFT_COMPILATION_MODE = wholemodule;
				SWIFT_OPTIMIZATION_LEVEL = "-O";
				VALIDATE_PRODUCT = YES;
			};
			name = Release;
		};
		8E60A22728A638E7002139E4 /* Debug */ = {
			isa = XCBuildConfiguration;
			buildSettings = {
				ASSETCATALOG_COMPILER_APPICON_NAME = AppIcon;
				ASSETCATALOG_COMPILER_GLOBAL_ACCENT_COLOR_NAME = AccentColor;
				CODE_SIGN_STYLE = Automatic;
				CURRENT_PROJECT_VERSION = 1;
				GENERATE_INFOPLIST_FILE = YES;
				INFOPLIST_FILE = MemorizeSentences/Info.plist;
				INFOPLIST_KEY_UIApplicationSupportsIndirectInputEvents = YES;
				INFOPLIST_KEY_UILaunchStoryboardName = LaunchScreen;
				INFOPLIST_KEY_UIMainStoryboardFile = Main;
				INFOPLIST_KEY_UISupportedInterfaceOrientations_iPad = "UIInterfaceOrientationPortrait UIInterfaceOrientationPortraitUpsideDown UIInterfaceOrientationLandscapeLeft UIInterfaceOrientationLandscapeRight";
				INFOPLIST_KEY_UISupportedInterfaceOrientations_iPhone = "UIInterfaceOrientationPortrait UIInterfaceOrientationLandscapeLeft UIInterfaceOrientationLandscapeRight";
				LD_RUNPATH_SEARCH_PATHS = (
					"$(inherited)",
					"@executable_path/Frameworks",
				);
				MARKETING_VERSION = 1.0;
				PRODUCT_BUNDLE_IDENTIFIER = com.yusuffproduction.MemorizeSentences;
				PRODUCT_NAME = "$(TARGET_NAME)";
				SWIFT_EMIT_LOC_STRINGS = YES;
				SWIFT_VERSION = 5.0;
				TARGETED_DEVICE_FAMILY = "1,2";
			};
			name = Debug;
		};
		8E60A22828A638E7002139E4 /* Release */ = {
			isa = XCBuildConfiguration;
			buildSettings = {
				ASSETCATALOG_COMPILER_APPICON_NAME = AppIcon;
				ASSETCATALOG_COMPILER_GLOBAL_ACCENT_COLOR_NAME = AccentColor;
				CODE_SIGN_STYLE = Automatic;
				CURRENT_PROJECT_VERSION = 1;
				GENERATE_INFOPLIST_FILE = YES;
				INFOPLIST_FILE = MemorizeSentences/Info.plist;
				INFOPLIST_KEY_UIApplicationSupportsIndirectInputEvents = YES;
				INFOPLIST_KEY_UILaunchStoryboardName = LaunchScreen;
				INFOPLIST_KEY_UIMainStoryboardFile = Main;
				INFOPLIST_KEY_UISupportedInterfaceOrientations_iPad = "UIInterfaceOrientationPortrait UIInterfaceOrientationPortraitUpsideDown UIInterfaceOrientationLandscapeLeft UIInterfaceOrientationLandscapeRight";
				INFOPLIST_KEY_UISupportedInterfaceOrientations_iPhone = "UIInterfaceOrientationPortrait UIInterfaceOrientationLandscapeLeft UIInterfaceOrientationLandscapeRight";
				LD_RUNPATH_SEARCH_PATHS = (
					"$(inherited)",
					"@executable_path/Frameworks",
				);
				MARKETING_VERSION = 1.0;
				PRODUCT_BUNDLE_IDENTIFIER = com.yusuffproduction.MemorizeSentences;
				PRODUCT_NAME = "$(TARGET_NAME)";
				SWIFT_EMIT_LOC_STRINGS = YES;
				SWIFT_VERSION = 5.0;
				TARGETED_DEVICE_FAMILY = "1,2";
			};
			name = Release;
		};
		8E60A22A28A638E7002139E4 /* Debug */ = {
			isa = XCBuildConfiguration;
			buildSettings = {
				ALWAYS_EMBED_SWIFT_STANDARD_LIBRARIES = YES;
				BUNDLE_LOADER = "$(TEST_HOST)";
				CODE_SIGN_STYLE = Automatic;
				CURRENT_PROJECT_VERSION = 1;
				GENERATE_INFOPLIST_FILE = YES;
				IPHONEOS_DEPLOYMENT_TARGET = 15.5;
				MARKETING_VERSION = 1.0;
				PRODUCT_BUNDLE_IDENTIFIER = com.yusuffproduction.MemorizeSentencesTests;
				PRODUCT_NAME = "$(TARGET_NAME)";
				SWIFT_EMIT_LOC_STRINGS = NO;
				SWIFT_VERSION = 5.0;
				TARGETED_DEVICE_FAMILY = "1,2";
				TEST_HOST = "$(BUILT_PRODUCTS_DIR)/MemorizeSentences.app/MemorizeSentences";
			};
			name = Debug;
		};
		8E60A22B28A638E7002139E4 /* Release */ = {
			isa = XCBuildConfiguration;
			buildSettings = {
				ALWAYS_EMBED_SWIFT_STANDARD_LIBRARIES = YES;
				BUNDLE_LOADER = "$(TEST_HOST)";
				CODE_SIGN_STYLE = Automatic;
				CURRENT_PROJECT_VERSION = 1;
				GENERATE_INFOPLIST_FILE = YES;
				IPHONEOS_DEPLOYMENT_TARGET = 15.5;
				MARKETING_VERSION = 1.0;
				PRODUCT_BUNDLE_IDENTIFIER = com.yusuffproduction.MemorizeSentencesTests;
				PRODUCT_NAME = "$(TARGET_NAME)";
				SWIFT_EMIT_LOC_STRINGS = NO;
				SWIFT_VERSION = 5.0;
				TARGETED_DEVICE_FAMILY = "1,2";
				TEST_HOST = "$(BUILT_PRODUCTS_DIR)/MemorizeSentences.app/MemorizeSentences";
			};
			name = Release;
		};
		8E60A22D28A638E7002139E4 /* Debug */ = {
			isa = XCBuildConfiguration;
			buildSettings = {
				ALWAYS_EMBED_SWIFT_STANDARD_LIBRARIES = YES;
				CODE_SIGN_STYLE = Automatic;
				CURRENT_PROJECT_VERSION = 1;
				GENERATE_INFOPLIST_FILE = YES;
				MARKETING_VERSION = 1.0;
				PRODUCT_BUNDLE_IDENTIFIER = com.yusuffproduction.MemorizeSentencesUITests;
				PRODUCT_NAME = "$(TARGET_NAME)";
				SWIFT_EMIT_LOC_STRINGS = NO;
				SWIFT_VERSION = 5.0;
				TARGETED_DEVICE_FAMILY = "1,2";
				TEST_TARGET_NAME = MemorizeSentences;
			};
			name = Debug;
		};
		8E60A22E28A638E7002139E4 /* Release */ = {
			isa = XCBuildConfiguration;
			buildSettings = {
				ALWAYS_EMBED_SWIFT_STANDARD_LIBRARIES = YES;
				CODE_SIGN_STYLE = Automatic;
				CURRENT_PROJECT_VERSION = 1;
				GENERATE_INFOPLIST_FILE = YES;
				MARKETING_VERSION = 1.0;
				PRODUCT_BUNDLE_IDENTIFIER = com.yusuffproduction.MemorizeSentencesUITests;
				PRODUCT_NAME = "$(TARGET_NAME)";
				SWIFT_EMIT_LOC_STRINGS = NO;
				SWIFT_VERSION = 5.0;
				TARGETED_DEVICE_FAMILY = "1,2";
				TEST_TARGET_NAME = MemorizeSentences;
			};
			name = Release;
		};
/* End XCBuildConfiguration section */

/* Begin XCConfigurationList section */
		8E60A1F728A638E4002139E4 /* Build configuration list for PBXProject "MemorizeSentences" */ = {
			isa = XCConfigurationList;
			buildConfigurations = (
				8E60A22428A638E6002139E4 /* Debug */,
				8E60A22528A638E6002139E4 /* Release */,
			);
			defaultConfigurationIsVisible = 0;
			defaultConfigurationName = Release;
		};
		8E60A22628A638E7002139E4 /* Build configuration list for PBXNativeTarget "MemorizeSentences" */ = {
			isa = XCConfigurationList;
			buildConfigurations = (
				8E60A22728A638E7002139E4 /* Debug */,
				8E60A22828A638E7002139E4 /* Release */,
			);
			defaultConfigurationIsVisible = 0;
			defaultConfigurationName = Release;
		};
		8E60A22928A638E7002139E4 /* Build configuration list for PBXNativeTarget "MemorizeSentencesTests" */ = {
			isa = XCConfigurationList;
			buildConfigurations = (
				8E60A22A28A638E7002139E4 /* Debug */,
				8E60A22B28A638E7002139E4 /* Release */,
			);
			defaultConfigurationIsVisible = 0;
			defaultConfigurationName = Release;
		};
		8E60A22C28A638E7002139E4 /* Build configuration list for PBXNativeTarget "MemorizeSentencesUITests" */ = {
			isa = XCConfigurationList;
			buildConfigurations = (
				8E60A22D28A638E7002139E4 /* Debug */,
				8E60A22E28A638E7002139E4 /* Release */,
			);
			defaultConfigurationIsVisible = 0;
			defaultConfigurationName = Release;
		};
/* End XCConfigurationList section */
	};
	rootObject = 8E60A1F428A638E4002139E4 /* Project object */;
}
